
Microsoft Visual Studio Solution File, Format Version 12.00
# Visual Studio Version 17
VisualStudioVersion = 17.5.002.0
MinimumVisualStudioVersion = 10.0.40219.1
Project("{2150E333-8FDC-42A3-9474-1A3956D46DE8}") = "Labfiles", "Labfiles", "{AB49D54A-781D-47E3-B056-CB593652717F}"
EndProject
Project("{2150E333-8FDC-42A3-9474-1A3956D46DE8}") = "01-analyze-images", "01-analyze-images", "{26641307-4AD3-44E4-B8F0-028B7F34F4B8}"
EndProject
Project("{2150E333-8FDC-42A3-9474-1A3956D46DE8}") = "C-Sharp", "C-Sharp", "{6A8DED2A-17C4-458F-B58B-44D85D27C308}"
EndProject
Project("{9A19103F-16F7-4668-BE54-9A1E7A4F7556}") = "image-analysis", "Labfiles\01-analyze-images\C-Sharp\image-analysis\image-analysis.csproj", "{20133C21-B679-40C9-A191-591D4140C99E}"
EndProject
Project("{2150E333-8FDC-42A3-9474-1A3956D46DE8}") = "03-object-detection", "03-object-detection", "{3526DE72-68A7-44CB-8401-6EF2F2BFCB66}"
EndProject
Project("{2150E333-8FDC-42A3-9474-1A3956D46DE8}") = "C-Sharp", "C-Sharp", "{289AAC39-AEFC-46E9-BCBB-4667ECFC7358}"
EndProject
Project("{9A19103F-16F7-4668-BE54-9A1E7A4F7556}") = "test-detector", "Labfiles\03-object-detection\C-Sharp\test-detector\test-detector.csproj", "{C65289F7-0974-4456-A755-A98EDB014DF2}"
EndProject
Project("{9A19103F-16F7-4668-BE54-9A1E7A4F7556}") = "train-detector", "Labfiles\03-object-detection\C-Sharp\train-detector\train-detector.csproj", "{8B4720EB-1628-4026-9A00-33B2E202C00A}"
EndProject
Project("{2150E333-8FDC-42A3-9474-1A3956D46DE8}") = "04-face", "04-face", "{742391DC-E8EE-426C-AB51-2E6B4940F501}"
EndProject
Project("{2150E333-8FDC-42A3-9474-1A3956D46DE8}") = "C-Sharp", "C-Sharp", "{58CC7D9E-3C87-4852-8FE3-24C5F53A5D97}"
EndProject
Project("{9A19103F-16F7-4668-BE54-9A1E7A4F7556}") = "detect-people", "Labfiles\04-face\C-Sharp\computer-vision\detect-people.csproj", "{84EA167B-4F46-4976-BF03-55BCFB192232}"
EndProject
Project("{9A19103F-16F7-4668-BE54-9A1E7A4F7556}") = "analyze-faces", "Labfiles\04-face\C-Sharp\face-api\analyze-faces.csproj", "{6561FB9E-F4DF-4B35-88EF-50CC59755045}"
EndProject
Project("{2150E333-8FDC-42A3-9474-1A3956D46DE8}") = "05-ocr", "05-ocr", "{E66BAC6E-C392-4515-81EE-6E56A5EA17FE}"
EndProject
Project("{2150E333-8FDC-42A3-9474-1A3956D46DE8}") = "C-Sharp", "C-Sharp", "{A3EF20B5-9276-4DDF-8D48-2BA1EF84B324}"
EndProject
Project("{9A19103F-16F7-4668-BE54-9A1E7A4F7556}") = "read-text", "Labfiles\05-ocr\C-Sharp\read-text\read-text.csproj", "{78ED3046-3989-44B5-996A-010F26FB2F4F}"
EndProject
Project("{2150E333-8FDC-42A3-9474-1A3956D46DE8}") = "07-custom-vision-image-classification", "07-custom-vision-image-classification", "{9C2CE0CE-F5EC-43DA-BDE3-CA734F89E532}"
EndProject
Project("{2150E333-8FDC-42A3-9474-1A3956D46DE8}") = "C-Sharp", "C-Sharp", "{FDAFB64F-1ADD-4900-A353-028E68224427}"
EndProject
Project("{9A19103F-16F7-4668-BE54-9A1E7A4F7556}") = "test-classifier", "Labfiles\07-custom-vision-image-classification\C-Sharp\test-classifier\test-classifier.csproj", "{A82BB094-EC35-40D1-81A8-A79EBCB931BC}"
EndProject
Project("{9A19103F-16F7-4668-BE54-9A1E7A4F7556}") = "train-classifier", "Labfiles\07-custom-vision-image-classification\C-Sharp\train-classifier\train-classifier.csproj", "{E2DBA30D-57B2-4933-8405-60CD04AF9AE4}"
EndProject
Global
	GlobalSection(SolutionConfigurationPlatforms) = preSolution
		Debug|Any CPU = Debug|Any CPU
		Release|Any CPU = Release|Any CPU
	EndGlobalSection
	GlobalSection(ProjectConfigurationPlatforms) = postSolution
		{20133C21-B679-40C9-A191-591D4140C99E}.Debug|Any CPU.ActiveCfg = Debug|Any CPU
		{20133C21-B679-40C9-A191-591D4140C99E}.Debug|Any CPU.Build.0 = Debug|Any CPU
		{20133C21-B679-40C9-A191-591D4140C99E}.Release|Any CPU.ActiveCfg = Release|Any CPU
		{20133C21-B679-40C9-A191-591D4140C99E}.Release|Any CPU.Build.0 = Release|Any CPU
		{C65289F7-0974-4456-A755-A98EDB014DF2}.Debug|Any CPU.ActiveCfg = Debug|Any CPU
		{C65289F7-0974-4456-A755-A98EDB014DF2}.Debug|Any CPU.Build.0 = Debug|Any CPU
		{C65289F7-0974-4456-A755-A98EDB014DF2}.Release|Any CPU.ActiveCfg = Release|Any CPU
		{C65289F7-0974-4456-A755-A98EDB014DF2}.Release|Any CPU.Build.0 = Release|Any CPU
		{8B4720EB-1628-4026-9A00-33B2E202C00A}.Debug|Any CPU.ActiveCfg = Debug|Any CPU
		{8B4720EB-1628-4026-9A00-33B2E202C00A}.Debug|Any CPU.Build.0 = Debug|Any CPU
		{8B4720EB-1628-4026-9A00-33B2E202C00A}.Release|Any CPU.ActiveCfg = Release|Any CPU
		{8B4720EB-1628-4026-9A00-33B2E202C00A}.Release|Any CPU.Build.0 = Release|Any CPU
		{84EA167B-4F46-4976-BF03-55BCFB192232}.Debug|Any CPU.ActiveCfg = Debug|Any CPU
		{84EA167B-4F46-4976-BF03-55BCFB192232}.Debug|Any CPU.Build.0 = Debug|Any CPU
		{84EA167B-4F46-4976-BF03-55BCFB192232}.Release|Any CPU.ActiveCfg = Release|Any CPU
		{84EA167B-4F46-4976-BF03-55BCFB192232}.Release|Any CPU.Build.0 = Release|Any CPU
		{6561FB9E-F4DF-4B35-88EF-50CC59755045}.Debug|Any CPU.ActiveCfg = Debug|Any CPU
		{6561FB9E-F4DF-4B35-88EF-50CC59755045}.Debug|Any CPU.Build.0 = Debug|Any CPU
		{6561FB9E-F4DF-4B35-88EF-50CC59755045}.Release|Any CPU.ActiveCfg = Release|Any CPU
		{6561FB9E-F4DF-4B35-88EF-50CC59755045}.Release|Any CPU.Build.0 = Release|Any CPU
		{78ED3046-3989-44B5-996A-010F26FB2F4F}.Debug|Any CPU.ActiveCfg = Debug|Any CPU
		{78ED3046-3989-44B5-996A-010F26FB2F4F}.Debug|Any CPU.Build.0 = Debug|Any CPU
		{78ED3046-3989-44B5-996A-010F26FB2F4F}.Release|Any CPU.ActiveCfg = Release|Any CPU
		{78ED3046-3989-44B5-996A-010F26FB2F4F}.Release|Any CPU.Build.0 = Release|Any CPU
		{A82BB094-EC35-40D1-81A8-A79EBCB931BC}.Debug|Any CPU.ActiveCfg = Debug|Any CPU
		{A82BB094-EC35-40D1-81A8-A79EBCB931BC}.Debug|Any CPU.Build.0 = Debug|Any CPU
		{A82BB094-EC35-40D1-81A8-A79EBCB931BC}.Release|Any CPU.ActiveCfg = Release|Any CPU
		{A82BB094-EC35-40D1-81A8-A79EBCB931BC}.Release|Any CPU.Build.0 = Release|Any CPU
		{E2DBA30D-57B2-4933-8405-60CD04AF9AE4}.Debug|Any CPU.ActiveCfg = Debug|Any CPU
		{E2DBA30D-57B2-4933-8405-60CD04AF9AE4}.Debug|Any CPU.Build.0 = Debug|Any CPU
		{E2DBA30D-57B2-4933-8405-60CD04AF9AE4}.Release|Any CPU.ActiveCfg = Release|Any CPU
		{E2DBA30D-57B2-4933-8405-60CD04AF9AE4}.Release|Any CPU.Build.0 = Release|Any CPU
	EndGlobalSection
	GlobalSection(SolutionProperties) = preSolution
		HideSolutionNode = FALSE
	EndGlobalSection
	GlobalSection(NestedProjects) = preSolution
		{26641307-4AD3-44E4-B8F0-028B7F34F4B8} = {AB49D54A-781D-47E3-B056-CB593652717F}
		{6A8DED2A-17C4-458F-B58B-44D85D27C308} = {26641307-4AD3-44E4-B8F0-028B7F34F4B8}
		{20133C21-B679-40C9-A191-591D4140C99E} = {6A8DED2A-17C4-458F-B58B-44D85D27C308}
		{3526DE72-68A7-44CB-8401-6EF2F2BFCB66} = {AB49D54A-781D-47E3-B056-CB593652717F}
		{289AAC39-AEFC-46E9-BCBB-4667ECFC7358} = {3526DE72-68A7-44CB-8401-6EF2F2BFCB66}
		{C65289F7-0974-4456-A755-A98EDB014DF2} = {289AAC39-AEFC-46E9-BCBB-4667ECFC7358}
		{8B4720EB-1628-4026-9A00-33B2E202C00A} = {289AAC39-AEFC-46E9-BCBB-4667ECFC7358}
		{742391DC-E8EE-426C-AB51-2E6B4940F501} = {AB49D54A-781D-47E3-B056-CB593652717F}
		{58CC7D9E-3C87-4852-8FE3-24C5F53A5D97} = {742391DC-E8EE-426C-AB51-2E6B4940F501}
		{84EA167B-4F46-4976-BF03-55BCFB192232} = {58CC7D9E-3C87-4852-8FE3-24C5F53A5D97}
		{6561FB9E-F4DF-4B35-88EF-50CC59755045} = {58CC7D9E-3C87-4852-8FE3-24C5F53A5D97}
		{E66BAC6E-C392-4515-81EE-6E56A5EA17FE} = {AB49D54A-781D-47E3-B056-CB593652717F}
		{A3EF20B5-9276-4DDF-8D48-2BA1EF84B324} = {E66BAC6E-C392-4515-81EE-6E56A5EA17FE}
		{78ED3046-3989-44B5-996A-010F26FB2F4F} = {A3EF20B5-9276-4DDF-8D48-2BA1EF84B324}
		{9C2CE0CE-F5EC-43DA-BDE3-CA734F89E532} = {AB49D54A-781D-47E3-B056-CB593652717F}
		{FDAFB64F-1ADD-4900-A353-028E68224427} = {9C2CE0CE-F5EC-43DA-BDE3-CA734F89E532}
		{A82BB094-EC35-40D1-81A8-A79EBCB931BC} = {FDAFB64F-1ADD-4900-A353-028E68224427}
		{E2DBA30D-57B2-4933-8405-60CD04AF9AE4} = {FDAFB64F-1ADD-4900-A353-028E68224427}
	EndGlobalSection
	GlobalSection(ExtensibilityGlobals) = postSolution
		SolutionGuid = {43BFAAE4-7C50-4EA6-9375-9158271C2742}
	EndGlobalSection
EndGlobal
